
Microsoft Visual Studio Solution File, Format Version 12.00
# Visual Studio 15
VisualStudioVersion = 15.0.27130.2026
MinimumVisualStudioVersion = 10.0.40219.1
Project("{FAE04EC0-301F-11D3-BF4B-00C04F79EFBC}") = "AnotherRpgMod", "AnotherRpgMod.csproj", "{56569FB1-487C-4186-A8C8-A085794ABCF4}"
EndProject
Global
	GlobalSection(SolutionConfigurationPlatforms) = preSolution
		Debug|Any CPU = Debug|Any CPU
		Release|Any CPU = Release|Any CPU
	EndGlobalSection
	GlobalSection(ProjectConfigurationPlatforms) = postSolution
		{56569FB1-487C-4186-A8C8-A085794ABCF4}.Debug|Any CPU.ActiveCfg = Debug|Any CPU
		{56569FB1-487C-4186-A8C8-A085794ABCF4}.Debug|Any CPU.Build.0 = Debug|Any CPU
		{56569FB1-487C-4186-A8C8-A085794ABCF4}.Release|Any CPU.ActiveCfg = Release|Any CPU
		{56569FB1-487C-4186-A8C8-A085794ABCF4}.Release|Any CPU.Build.0 = Release|Any CPU
	EndGlobalSection
	GlobalSection(SolutionProperties) = preSolution
		HideSolutionNode = FALSE
	EndGlobalSection
	GlobalSection(ExtensibilityGlobals) = postSolution
		SolutionGuid = {AC8F8E9D-579C-4E1E-8262-6749360A8AA9}
	EndGlobalSection
EndGlobal
